{
  "name": "facturas",
  "version": "1.0.0",
  "lockfileVersion": 2,
  "requires": true,
  "packages": {
    "": {
      "name": "facturas",
      "version": "1.0.0",
      "license": "ISC",
      "devDependencies": {
        "@sapui5/ts-types": "^1.96.4"
      }
    },
    "node_modules/@sapui5/ts-types": {
      "version": "1.96.4",
      "resolved": "http://nginx-redirector.repo-cache.svc.cluster.local/repository/appstudio-npm-group/@sapui5/ts-types/-/ts-types-1.96.4.tgz",
      "integrity": "sha512-kUDnyqrazpcCEvckq6h4YNSaRYdGNhjl9/zn3hxrXcdrjAVgVDQuJ2l81zP/T3ocY2X91AHUPmjHpo7dshPiOg==",
      "dev": true,
      "license": "SEE LICENSE IN LICENSE.txt"
    }
  },
  "dependencies": {
    "@sapui5/ts-types": {
      "version": "1.96.4",
      "resolved": "http://nginx-redirector.repo-cache.svc.cluster.local/repository/appstudio-npm-group/@sapui5/ts-types/-/ts-types-1.96.4.tgz",
      "integrity": "sha512-kUDnyqrazpcCEvckq6h4YNSaRYdGNhjl9/zn3hxrXcdrjAVgVDQuJ2l81zP/T3ocY2X91AHUPmjHpo7dshPiOg==",
      "dev": true
    }
  }
}
