{
  "name": "facturas",
  "version": "1.0.0",
  "lockfileVersion": 1,
  "requires": true,
  "dependencies": {
    "@sapui5/ts-types": {
      "version": "1.96.4",
      "resolved": "http://nginx-redirector.repo-cache.svc.cluster.local/repository/appstudio-npm-group/@sapui5/ts-types/-/ts-types-1.96.4.tgz",
      "integrity": "sha512-kUDnyqrazpcCEvckq6h4YNSaRYdGNhjl9/zn3hxrXcdrjAVgVDQuJ2l81zP/T3ocY2X91AHUPmjHpo7dshPiOg==",
      "dev": true
    }
  }
}
