# THIS IS AN AUTOGENERATED FILE. DO NOT EDIT THIS FILE DIRECTLY.
# yarn lockfile v1


"@sapui5/ts-types@^1.96.4":
  "integrity" "sha512-kUDnyqrazpcCEvckq6h4YNSaRYdGNhjl9/zn3hxrXcdrjAVgVDQuJ2l81zP/T3ocY2X91AHUPmjHpo7dshPiOg=="
  "resolved" "http://nginx-redirector.repo-cache.svc.cluster.local/repository/appstudio-npm-group/@sapui5/ts-types/-/ts-types-1.96.4.tgz"
  "version" "1.96.4"
